
Microsoft Visual Studio Solution File, Format Version 12.00
# Visual Studio 15
VisualStudioVersion = 15.0.26228.4
MinimumVisualStudioVersion = 10.0.40219.1
Project("{FAE04EC0-301F-11D3-BF4B-00C04F79EFBC}") = "ProjectManagerApi", "ProjectManagerApi\ProjectManagerApi.csproj", "{42926920-05F9-4190-B6E3-0886968875A1}"
EndProject
Project("{FAE04EC0-301F-11D3-BF4B-00C04F79EFBC}") = "BusinessEntities", "BusinessEntities\BusinessEntities.csproj", "{B4EFEDED-B132-4962-98FF-42A681352DCD}"
EndProject
Project("{FAE04EC0-301F-11D3-BF4B-00C04F79EFBC}") = "BusinessLayer", "BusinessLayer\BusinessLayer.csproj", "{C006B97E-76E3-4B0B-99EE-2F492ACCB5DC}"
EndProject
Project("{FAE04EC0-301F-11D3-BF4B-00C04F79EFBC}") = "DataAccessLayer", "DataAccessLayer\DataAccessLayer.csproj", "{A821383B-84E4-4A8C-B8AB-71150773F502}"
EndProject
Project("{FAE04EC0-301F-11D3-BF4B-00C04F79EFBC}") = "ProjectManagerApi.Test", "ProjectManagerApi.Test\ProjectManagerApi.Test.csproj", "{D38F2FB8-1257-44E6-86DA-97AED8253FE9}"
EndProject
Project("{FAE04EC0-301F-11D3-BF4B-00C04F79EFBC}") = "ProjectManagerApi.NBench", "ProjectManagerApi.NBench\ProjectManagerApi.NBench.csproj", "{C3629463-3DE5-4C25-9130-7EAA6567E87F}"
EndProject
Global
	GlobalSection(SolutionConfigurationPlatforms) = preSolution
		Debug|Any CPU = Debug|Any CPU
		Release|Any CPU = Release|Any CPU
	EndGlobalSection
	GlobalSection(ProjectConfigurationPlatforms) = postSolution
		{42926920-05F9-4190-B6E3-0886968875A1}.Debug|Any CPU.ActiveCfg = Debug|Any CPU
		{42926920-05F9-4190-B6E3-0886968875A1}.Debug|Any CPU.Build.0 = Debug|Any CPU
		{42926920-05F9-4190-B6E3-0886968875A1}.Release|Any CPU.ActiveCfg = Release|Any CPU
		{42926920-05F9-4190-B6E3-0886968875A1}.Release|Any CPU.Build.0 = Release|Any CPU
		{B4EFEDED-B132-4962-98FF-42A681352DCD}.Debug|Any CPU.ActiveCfg = Debug|Any CPU
		{B4EFEDED-B132-4962-98FF-42A681352DCD}.Debug|Any CPU.Build.0 = Debug|Any CPU
		{B4EFEDED-B132-4962-98FF-42A681352DCD}.Release|Any CPU.ActiveCfg = Release|Any CPU
		{B4EFEDED-B132-4962-98FF-42A681352DCD}.Release|Any CPU.Build.0 = Release|Any CPU
		{C006B97E-76E3-4B0B-99EE-2F492ACCB5DC}.Debug|Any CPU.ActiveCfg = Debug|Any CPU
		{C006B97E-76E3-4B0B-99EE-2F492ACCB5DC}.Debug|Any CPU.Build.0 = Debug|Any CPU
		{C006B97E-76E3-4B0B-99EE-2F492ACCB5DC}.Release|Any CPU.ActiveCfg = Release|Any CPU
		{C006B97E-76E3-4B0B-99EE-2F492ACCB5DC}.Release|Any CPU.Build.0 = Release|Any CPU
		{A821383B-84E4-4A8C-B8AB-71150773F502}.Debug|Any CPU.ActiveCfg = Debug|Any CPU
		{A821383B-84E4-4A8C-B8AB-71150773F502}.Debug|Any CPU.Build.0 = Debug|Any CPU
		{A821383B-84E4-4A8C-B8AB-71150773F502}.Release|Any CPU.ActiveCfg = Release|Any CPU
		{A821383B-84E4-4A8C-B8AB-71150773F502}.Release|Any CPU.Build.0 = Release|Any CPU
		{D38F2FB8-1257-44E6-86DA-97AED8253FE9}.Debug|Any CPU.ActiveCfg = Debug|Any CPU
		{D38F2FB8-1257-44E6-86DA-97AED8253FE9}.Debug|Any CPU.Build.0 = Debug|Any CPU
		{D38F2FB8-1257-44E6-86DA-97AED8253FE9}.Release|Any CPU.ActiveCfg = Release|Any CPU
		{D38F2FB8-1257-44E6-86DA-97AED8253FE9}.Release|Any CPU.Build.0 = Release|Any CPU
		{C3629463-3DE5-4C25-9130-7EAA6567E87F}.Debug|Any CPU.ActiveCfg = Debug|Any CPU
		{C3629463-3DE5-4C25-9130-7EAA6567E87F}.Debug|Any CPU.Build.0 = Debug|Any CPU
		{C3629463-3DE5-4C25-9130-7EAA6567E87F}.Release|Any CPU.ActiveCfg = Release|Any CPU
		{C3629463-3DE5-4C25-9130-7EAA6567E87F}.Release|Any CPU.Build.0 = Release|Any CPU
	EndGlobalSection
	GlobalSection(SolutionProperties) = preSolution
		HideSolutionNode = FALSE
	EndGlobalSection
EndGlobal
